// !$*UTF8*$!
{
	archiveVersion = 1;
	classes = {
	};
	objectVersion = 56;
	objects = {

/* Begin PBXBuildFile section */
		DD2641D72D77522300E50BF9 /* SoundManager.swift in Sources */ = {isa = PBXBuildFile; fileRef = DD2641D62D77522300E50BF9 /* SoundManager.swift */; };
		DD2641DD2D77551C00E50BF9 /* stepSound4.mp3 in Resources */ = {isa = PBXBuildFile; fileRef = DD2641D82D77551C00E50BF9 /* stepSound4.mp3 */; };
		DD2641DE2D77551C00E50BF9 /* stepSound2.mp3 in Resources */ = {isa = PBXBuildFile; fileRef = DD2641D92D77551C00E50BF9 /* stepSound2.mp3 */; };
		DD2641DF2D77551C00E50BF9 /* flagSound.mp3 in Resources */ = {isa = PBXBuildFile; fileRef = DD2641DA2D77551C00E50BF9 /* flagSound.mp3 */; };
		DD2641E02D77551C00E50BF9 /* stepSound3.mp3 in Resources */ = {isa = PBXBuildFile; fileRef = DD2641DB2D77551C00E50BF9 /* stepSound3.mp3 */; };
		DD2641E12D77551C00E50BF9 /* stepSound1.mp3 in Resources */ = {isa = PBXBuildFile; fileRef = DD2641DC2D77551C00E50BF9 /* stepSound1.mp3 */; };
		DD2641E42D77552600E50BF9 /* jumpSound.mp3 in Resources */ = {isa = PBXBuildFile; fileRef = DD2641E22D77552600E50BF9 /* jumpSound.mp3 */; };
		DD2641E52D77552600E50BF9 /* catchSound.mp3 in Resources */ = {isa = PBXBuildFile; fileRef = DD2641E32D77552600E50BF9 /* catchSound.mp3 */; };
		DD2641E72D77555000E50BF9 /* winSound.mp3 in Resources */ = {isa = PBXBuildFile; fileRef = DD2641E62D77555000E50BF9 /* winSound.mp3 */; };
		DD2641E92D77558E00E50BF9 /* wrongSound.mp3 in Resources */ = {isa = PBXBuildFile; fileRef = DD2641E82D77558E00E50BF9 /* wrongSound.mp3 */; };
		DD2641EB2D7755D300E50BF9 /* MainSound.mp3 in Resources */ = {isa = PBXBuildFile; fileRef = DD2641EA2D7755D300E50BF9 /* MainSound.mp3 */; };
		DDBD7FD42D70D449006C0F43 /* Monarch_Place_GameApp.swift in Sources */ = {isa = PBXBuildFile; fileRef = DDBD7FD32D70D449006C0F43 /* Monarch_Place_GameApp.swift */; };
		DDBD7FD82D70D44A006C0F43 /* Assets.xcassets in Resources */ = {isa = PBXBuildFile; fileRef = DDBD7FD72D70D44A006C0F43 /* Assets.xcassets */; };
		DDBD7FDC2D70D44A006C0F43 /* Preview Assets.xcassets in Resources */ = {isa = PBXBuildFile; fileRef = DDBD7FDB2D70D44A006C0F43 /* Preview Assets.xcassets */; };
		DDC465652D71DE9700C479DF /* ViewController.swift in Sources */ = {isa = PBXBuildFile; fileRef = DDC465642D71DE9700C479DF /* ViewController.swift */; };
		DDC465682D71DEC800C479DF /* Coordinator.swift in Sources */ = {isa = PBXBuildFile; fileRef = DDC465672D71DEC800C479DF /* Coordinator.swift */; };
		DDC4656B2D71DEF200C479DF /* Loading.swift in Sources */ = {isa = PBXBuildFile; fileRef = DDC4656A2D71DEF200C479DF /* Loading.swift */; };
		DDC4656D2D71DEFF00C479DF /* Menu.swift in Sources */ = {isa = PBXBuildFile; fileRef = DDC4656C2D71DEFF00C479DF /* Menu.swift */; };
		DDC4656F2D71DF0800C479DF /* Game.swift in Sources */ = {isa = PBXBuildFile; fileRef = DDC4656E2D71DF0800C479DF /* Game.swift */; };
		DDC465762D71DFC800C479DF /* Background.swift in Sources */ = {isa = PBXBuildFile; fileRef = DDC465752D71DFC800C479DF /* Background.swift */; };
		DDC465782D71E30300C479DF /* Alata-Regular.ttf in Resources */ = {isa = PBXBuildFile; fileRef = DDC465772D71E30300C479DF /* Alata-Regular.ttf */; };
		DDC4657B2D71E3B600C479DF /* SizeExtention.swift in Sources */ = {isa = PBXBuildFile; fileRef = DDC4657A2D71E3B600C479DF /* SizeExtention.swift */; };
		DDC4657D2D71E43200C479DF /* ColorExtention.swift in Sources */ = {isa = PBXBuildFile; fileRef = DDC4657C2D71E43200C479DF /* ColorExtention.swift */; };
		DDC4657F2D71E65700C479DF /* Buttons.swift in Sources */ = {isa = PBXBuildFile; fileRef = DDC4657E2D71E65700C479DF /* Buttons.swift */; };
		DDC465812D735E9800C479DF /* Model.swift in Sources */ = {isa = PBXBuildFile; fileRef = DDC465802D735E9800C479DF /* Model.swift */; };
		DDC465832D7393BF00C479DF /* YouWin.swift in Sources */ = {isa = PBXBuildFile; fileRef = DDC465822D7393BF00C479DF /* YouWin.swift */; };
		DDC465852D73952200C479DF /* YouLose.swift in Sources */ = {isa = PBXBuildFile; fileRef = DDC465842D73952200C479DF /* YouLose.swift */; };
		DDC465932D76286900C479DF /* Shop.swift in Sources */ = {isa = PBXBuildFile; fileRef = DDC465922D76286900C479DF /* Shop.swift */; };
		DDC465952D764A8C00C479DF /* Rules.swift in Sources */ = {isa = PBXBuildFile; fileRef = DDC465942D764A8C00C479DF /* Rules.swift */; };
		DDC465972D764C9D00C479DF /* Settings.swift in Sources */ = {isa = PBXBuildFile; fileRef = DDC465962D764C9D00C479DF /* Settings.swift */; };
		DDC465992D77460D00C479DF /* Pause.swift in Sources */ = {isa = PBXBuildFile; fileRef = DDC465982D77460D00C479DF /* Pause.swift */; };
/* End PBXBuildFile section */

/* Begin PBXFileReference section */
		DD2641D62D77522300E50BF9 /* SoundManager.swift */ = {isa = PBXFileReference; lastKnownFileType = sourcecode.swift; path = SoundManager.swift; sourceTree = "<group>"; };
		DD2641D82D77551C00E50BF9 /* stepSound4.mp3 */ = {isa = PBXFileReference; lastKnownFileType = audio.mp3; path = stepSound4.mp3; sourceTree = "<group>"; };
		DD2641D92D77551C00E50BF9 /* stepSound2.mp3 */ = {isa = PBXFileReference; lastKnownFileType = audio.mp3; path = stepSound2.mp3; sourceTree = "<group>"; };
		DD2641DA2D77551C00E50BF9 /* flagSound.mp3 */ = {isa = PBXFileReference; lastKnownFileType = audio.mp3; path = flagSound.mp3; sourceTree = "<group>"; };
		DD2641DB2D77551C00E50BF9 /* stepSound3.mp3 */ = {isa = PBXFileReference; lastKnownFileType = audio.mp3; path = stepSound3.mp3; sourceTree = "<group>"; };
		DD2641DC2D77551C00E50BF9 /* stepSound1.mp3 */ = {isa = PBXFileReference; lastKnownFileType = audio.mp3; path = stepSound1.mp3; sourceTree = "<group>"; };
		DD2641E22D77552600E50BF9 /* jumpSound.mp3 */ = {isa = PBXFileReference; lastKnownFileType = audio.mp3; path = jumpSound.mp3; sourceTree = "<group>"; };
		DD2641E32D77552600E50BF9 /* catchSound.mp3 */ = {isa = PBXFileReference; lastKnownFileType = audio.mp3; path = catchSound.mp3; sourceTree = "<group>"; };
		DD2641E62D77555000E50BF9 /* winSound.mp3 */ = {isa = PBXFileReference; lastKnownFileType = audio.mp3; path = winSound.mp3; sourceTree = "<group>"; };
		DD2641E82D77558E00E50BF9 /* wrongSound.mp3 */ = {isa = PBXFileReference; lastKnownFileType = audio.mp3; path = wrongSound.mp3; sourceTree = "<group>"; };
		DD2641EA2D7755D300E50BF9 /* MainSound.mp3 */ = {isa = PBXFileReference; lastKnownFileType = audio.mp3; path = MainSound.mp3; sourceTree = "<group>"; };
		DD2641EC2D7755FD00E50BF9 /* PrivacyInfo.xcprivacy */ = {isa = PBXFileReference; lastKnownFileType = text.xml; path = PrivacyInfo.xcprivacy; sourceTree = "<group>"; };
		DDBD7FD02D70D449006C0F43 /* Monarch Place Game.app */ = {isa = PBXFileReference; explicitFileType = wrapper.application; includeInIndex = 0; path = "Monarch Place Game.app"; sourceTree = BUILT_PRODUCTS_DIR; };
		DDBD7FD32D70D449006C0F43 /* Monarch_Place_GameApp.swift */ = {isa = PBXFileReference; lastKnownFileType = sourcecode.swift; path = Monarch_Place_GameApp.swift; sourceTree = "<group>"; };
		DDBD7FD72D70D44A006C0F43 /* Assets.xcassets */ = {isa = PBXFileReference; lastKnownFileType = folder.assetcatalog; path = Assets.xcassets; sourceTree = "<group>"; };
		DDBD7FD92D70D44A006C0F43 /* Monarch_Place_Game.entitlements */ = {isa = PBXFileReference; lastKnownFileType = text.plist.entitlements; path = Monarch_Place_Game.entitlements; sourceTree = "<group>"; };
		DDBD7FDB2D70D44A006C0F43 /* Preview Assets.xcassets */ = {isa = PBXFileReference; lastKnownFileType = folder.assetcatalog; path = "Preview Assets.xcassets"; sourceTree = "<group>"; };
		DDC465642D71DE9700C479DF /* ViewController.swift */ = {isa = PBXFileReference; lastKnownFileType = sourcecode.swift; path = ViewController.swift; sourceTree = "<group>"; };
		DDC465672D71DEC800C479DF /* Coordinator.swift */ = {isa = PBXFileReference; lastKnownFileType = sourcecode.swift; path = Coordinator.swift; sourceTree = "<group>"; };
		DDC4656A2D71DEF200C479DF /* Loading.swift */ = {isa = PBXFileReference; lastKnownFileType = sourcecode.swift; path = Loading.swift; sourceTree = "<group>"; };
		DDC4656C2D71DEFF00C479DF /* Menu.swift */ = {isa = PBXFileReference; lastKnownFileType = sourcecode.swift; path = Menu.swift; sourceTree = "<group>"; };
		DDC4656E2D71DF0800C479DF /* Game.swift */ = {isa = PBXFileReference; lastKnownFileType = sourcecode.swift; path = Game.swift; sourceTree = "<group>"; };
		DDC465752D71DFC800C479DF /* Background.swift */ = {isa = PBXFileReference; lastKnownFileType = sourcecode.swift; path = Background.swift; sourceTree = "<group>"; };
		DDC465772D71E30300C479DF /* Alata-Regular.ttf */ = {isa = PBXFileReference; lastKnownFileType = file; path = "Alata-Regular.ttf"; sourceTree = "<group>"; };
		DDC465792D71E31200C479DF /* Monarch-Place-Game-Info.plist */ = {isa = PBXFileReference; lastKnownFileType = text.plist; path = "Monarch-Place-Game-Info.plist"; sourceTree = SOURCE_ROOT; };
		DDC4657A2D71E3B600C479DF /* SizeExtention.swift */ = {isa = PBXFileReference; lastKnownFileType = sourcecode.swift; path = SizeExtention.swift; sourceTree = "<group>"; };
		DDC4657C2D71E43200C479DF /* ColorExtention.swift */ = {isa = PBXFileReference; lastKnownFileType = sourcecode.swift; path = ColorExtention.swift; sourceTree = "<group>"; };
		DDC4657E2D71E65700C479DF /* Buttons.swift */ = {isa = PBXFileReference; lastKnownFileType = sourcecode.swift; path = Buttons.swift; sourceTree = "<group>"; };
		DDC465802D735E9800C479DF /* Model.swift */ = {isa = PBXFileReference; lastKnownFileType = sourcecode.swift; path = Model.swift; sourceTree = "<group>"; };
		DDC465822D7393BF00C479DF /* YouWin.swift */ = {isa = PBXFileReference; lastKnownFileType = sourcecode.swift; path = YouWin.swift; sourceTree = "<group>"; };
		DDC465842D73952200C479DF /* YouLose.swift */ = {isa = PBXFileReference; lastKnownFileType = sourcecode.swift; path = YouLose.swift; sourceTree = "<group>"; };
		DDC465922D76286900C479DF /* Shop.swift */ = {isa = PBXFileReference; lastKnownFileType = sourcecode.swift; path = Shop.swift; sourceTree = "<group>"; };
		DDC465942D764A8C00C479DF /* Rules.swift */ = {isa = PBXFileReference; lastKnownFileType = sourcecode.swift; path = Rules.swift; sourceTree = "<group>"; };
		DDC465962D764C9D00C479DF /* Settings.swift */ = {isa = PBXFileReference; lastKnownFileType = sourcecode.swift; path = Settings.swift; sourceTree = "<group>"; };
		DDC465982D77460D00C479DF /* Pause.swift */ = {isa = PBXFileReference; lastKnownFileType = sourcecode.swift; path = Pause.swift; sourceTree = "<group>"; };
/* End PBXFileReference section */

/* Begin PBXFrameworksBuildPhase section */
		DDBD7FCD2D70D449006C0F43 /* Frameworks */ = {
			isa = PBXFrameworksBuildPhase;
			buildActionMask = 2147483647;
			files = (
			);
			runOnlyForDeploymentPostprocessing = 0;
		};
/* End PBXFrameworksBuildPhase section */

/* Begin PBXGroup section */
		DDBD7FC72D70D449006C0F43 = {
			isa = PBXGroup;
			children = (
				DDBD7FD22D70D449006C0F43 /* Monarch Place Game */,
				DDBD7FD12D70D449006C0F43 /* Products */,
			);
			sourceTree = "<group>";
		};
		DDBD7FD12D70D449006C0F43 /* Products */ = {
			isa = PBXGroup;
			children = (
				DDBD7FD02D70D449006C0F43 /* Monarch Place Game.app */,
			);
			name = Products;
			sourceTree = "<group>";
		};
		DDBD7FD22D70D449006C0F43 /* Monarch Place Game */ = {
			isa = PBXGroup;
			children = (
				DDC465792D71E31200C479DF /* Monarch-Place-Game-Info.plist */,
				DD2641EC2D7755FD00E50BF9 /* PrivacyInfo.xcprivacy */,
				DDBD7FD32D70D449006C0F43 /* Monarch_Place_GameApp.swift */,
				DDC465692D71DEE600C479DF /* Views */,
				DDC465632D71DE7000C479DF /* SubViews */,
				DDC465662D71DEB800C479DF /* Coordinator */,
				DDC465702D71DF3200C479DF /* Extentions */,
				DDC465722D71DF5000C479DF /* Fonts */,
				DDC465742D71DF5E00C479DF /* Sounds */,
				DDC465712D71DF4800C479DF /* Models */,
				DDBD7FD72D70D44A006C0F43 /* Assets.xcassets */,
				DDBD7FD92D70D44A006C0F43 /* Monarch_Place_Game.entitlements */,
				DDBD7FDA2D70D44A006C0F43 /* Preview Content */,
			);
			path = "Monarch Place Game";
			sourceTree = "<group>";
		};
		DDBD7FDA2D70D44A006C0F43 /* Preview Content */ = {
			isa = PBXGroup;
			children = (
				DDBD7FDB2D70D44A006C0F43 /* Preview Assets.xcassets */,
			);
			path = "Preview Content";
			sourceTree = "<group>";
		};
		DDC465632D71DE7000C479DF /* SubViews */ = {
			isa = PBXGroup;
			children = (
				DDC465642D71DE9700C479DF /* ViewController.swift */,
				DDC465752D71DFC800C479DF /* Background.swift */,
				DDC4657E2D71E65700C479DF /* Buttons.swift */,
				DDC465822D7393BF00C479DF /* YouWin.swift */,
				DDC465842D73952200C479DF /* YouLose.swift */,
				DDC465922D76286900C479DF /* Shop.swift */,
				DDC465942D764A8C00C479DF /* Rules.swift */,
				DDC465962D764C9D00C479DF /* Settings.swift */,
				DDC465982D77460D00C479DF /* Pause.swift */,
			);
			path = SubViews;
			sourceTree = "<group>";
		};
		DDC465662D71DEB800C479DF /* Coordinator */ = {
			isa = PBXGroup;
			children = (
				DDC465672D71DEC800C479DF /* Coordinator.swift */,
			);
			path = Coordinator;
			sourceTree = "<group>";
		};
		DDC465692D71DEE600C479DF /* Views */ = {
			isa = PBXGroup;
			children = (
				DDC4656A2D71DEF200C479DF /* Loading.swift */,
				DDC4656C2D71DEFF00C479DF /* Menu.swift */,
				DDC4656E2D71DF0800C479DF /* Game.swift */,
			);
			path = Views;
			sourceTree = "<group>";
		};
		DDC465702D71DF3200C479DF /* Extentions */ = {
			isa = PBXGroup;
			children = (
				DDC4657A2D71E3B600C479DF /* SizeExtention.swift */,
				DDC4657C2D71E43200C479DF /* ColorExtention.swift */,
			);
			path = Extentions;
			sourceTree = "<group>";
		};
		DDC465712D71DF4800C479DF /* Models */ = {
			isa = PBXGroup;
			children = (
				DDC465802D735E9800C479DF /* Model.swift */,
			);
			path = Models;
			sourceTree = "<group>";
		};
		DDC465722D71DF5000C479DF /* Fonts */ = {
			isa = PBXGroup;
			children = (
				DDC465772D71E30300C479DF /* Alata-Regular.ttf */,
			);
			path = Fonts;
			sourceTree = "<group>";
		};
		DDC465742D71DF5E00C479DF /* Sounds */ = {
			isa = PBXGroup;
			children = (
				DD2641EA2D7755D300E50BF9 /* MainSound.mp3 */,
				DD2641E82D77558E00E50BF9 /* wrongSound.mp3 */,
				DD2641E62D77555000E50BF9 /* winSound.mp3 */,
				DD2641E32D77552600E50BF9 /* catchSound.mp3 */,
				DD2641E22D77552600E50BF9 /* jumpSound.mp3 */,
				DD2641DA2D77551C00E50BF9 /* flagSound.mp3 */,
				DD2641DC2D77551C00E50BF9 /* stepSound1.mp3 */,
				DD2641D92D77551C00E50BF9 /* stepSound2.mp3 */,
				DD2641DB2D77551C00E50BF9 /* stepSound3.mp3 */,
				DD2641D82D77551C00E50BF9 /* stepSound4.mp3 */,
				DD2641D62D77522300E50BF9 /* SoundManager.swift */,
			);
			path = Sounds;
			sourceTree = "<group>";
		};
/* End PBXGroup section */

/* Begin PBXNativeTarget section */
		DDBD7FCF2D70D449006C0F43 /* Monarch Place Game */ = {
			isa = PBXNativeTarget;
			buildConfigurationList = DDBD7FDF2D70D44A006C0F43 /* Build configuration list for PBXNativeTarget "Monarch Place Game" */;
			buildPhases = (
				DDBD7FCC2D70D449006C0F43 /* Sources */,
				DDBD7FCD2D70D449006C0F43 /* Frameworks */,
				DDBD7FCE2D70D449006C0F43 /* Resources */,
			);
			buildRules = (
			);
			dependencies = (
			);
			name = "Monarch Place Game";
			productName = "Monarch Place Game";
			productReference = DDBD7FD02D70D449006C0F43 /* Monarch Place Game.app */;
			productType = "com.apple.product-type.application";
		};
/* End PBXNativeTarget section */

/* Begin PBXProject section */
		DDBD7FC82D70D449006C0F43 /* Project object */ = {
			isa = PBXProject;
			attributes = {
				BuildIndependentTargetsInParallel = 1;
				LastSwiftUpdateCheck = 1540;
				LastUpgradeCheck = 1540;
				TargetAttributes = {
					DDBD7FCF2D70D449006C0F43 = {
						CreatedOnToolsVersion = 15.4;
					};
				};
			};
			buildConfigurationList = DDBD7FCB2D70D449006C0F43 /* Build configuration list for PBXProject "Monarch Place Game" */;
			compatibilityVersion = "Xcode 14.0";
			developmentRegion = en;
			hasScannedForEncodings = 0;
			knownRegions = (
				en,
				Base,
			);
			mainGroup = DDBD7FC72D70D449006C0F43;
			productRefGroup = DDBD7FD12D70D449006C0F43 /* Products */;
			projectDirPath = "";
			projectRoot = "";
			targets = (
				DDBD7FCF2D70D449006C0F43 /* Monarch Place Game */,
			);
		};
/* End PBXProject section */

/* Begin PBXResourcesBuildPhase section */
		DDBD7FCE2D70D449006C0F43 /* Resources */ = {
			isa = PBXResourcesBuildPhase;
			buildActionMask = 2147483647;
			files = (
				DD2641DE2D77551C00E50BF9 /* stepSound2.mp3 in Resources */,
				DDC465782D71E30300C479DF /* Alata-Regular.ttf in Resources */,
				DD2641E52D77552600E50BF9 /* catchSound.mp3 in Resources */,
				DD2641E12D77551C00E50BF9 /* stepSound1.mp3 in Resources */,
				DD2641E02D77551C00E50BF9 /* stepSound3.mp3 in Resources */,
				DD2641DD2D77551C00E50BF9 /* stepSound4.mp3 in Resources */,
				DD2641E92D77558E00E50BF9 /* wrongSound.mp3 in Resources */,
				DDBD7FDC2D70D44A006C0F43 /* Preview Assets.xcassets in Resources */,
				DD2641E42D77552600E50BF9 /* jumpSound.mp3 in Resources */,
				DD2641DF2D77551C00E50BF9 /* flagSound.mp3 in Resources */,
				DD2641EB2D7755D300E50BF9 /* MainSound.mp3 in Resources */,
				DDBD7FD82D70D44A006C0F43 /* Assets.xcassets in Resources */,
				DD2641E72D77555000E50BF9 /* winSound.mp3 in Resources */,
			);
			runOnlyForDeploymentPostprocessing = 0;
		};
/* End PBXResourcesBuildPhase section */

/* Begin PBXSourcesBuildPhase section */
		DDBD7FCC2D70D449006C0F43 /* Sources */ = {
			isa = PBXSourcesBuildPhase;
			buildActionMask = 2147483647;
			files = (
				DDC4657D2D71E43200C479DF /* ColorExtention.swift in Sources */,
				DDC465652D71DE9700C479DF /* ViewController.swift in Sources */,
				DDC465832D7393BF00C479DF /* YouWin.swift in Sources */,
				DDC465852D73952200C479DF /* YouLose.swift in Sources */,
				DDC465762D71DFC800C479DF /* Background.swift in Sources */,
				DDC4656F2D71DF0800C479DF /* Game.swift in Sources */,
				DD2641D72D77522300E50BF9 /* SoundManager.swift in Sources */,
				DDBD7FD42D70D449006C0F43 /* Monarch_Place_GameApp.swift in Sources */,
				DDC4657F2D71E65700C479DF /* Buttons.swift in Sources */,
				DDC4656B2D71DEF200C479DF /* Loading.swift in Sources */,
				DDC465682D71DEC800C479DF /* Coordinator.swift in Sources */,
				DDC465972D764C9D00C479DF /* Settings.swift in Sources */,
				DDC465812D735E9800C479DF /* Model.swift in Sources */,
				DDC465992D77460D00C479DF /* Pause.swift in Sources */,
				DDC465932D76286900C479DF /* Shop.swift in Sources */,
				DDC4656D2D71DEFF00C479DF /* Menu.swift in Sources */,
				DDC4657B2D71E3B600C479DF /* SizeExtention.swift in Sources */,
				DDC465952D764A8C00C479DF /* Rules.swift in Sources */,
			);
			runOnlyForDeploymentPostprocessing = 0;
		};
/* End PBXSourcesBuildPhase section */

/* Begin XCBuildConfiguration section */
		DDBD7FDD2D70D44A006C0F43 /* Debug */ = {
			isa = XCBuildConfiguration;
			buildSettings = {
				ALWAYS_SEARCH_USER_PATHS = NO;
				ASSETCATALOG_COMPILER_GENERATE_SWIFT_ASSET_SYMBOL_EXTENSIONS = YES;
				CLANG_ANALYZER_NONNULL = YES;
				CLANG_ANALYZER_NUMBER_OBJECT_CONVERSION = YES_AGGRESSIVE;
				CLANG_CXX_LANGUAGE_STANDARD = "gnu++20";
				CLANG_ENABLE_MODULES = YES;
				CLANG_ENABLE_OBJC_ARC = YES;
				CLANG_ENABLE_OBJC_WEAK = YES;
				CLANG_WARN_BLOCK_CAPTURE_AUTORELEASING = YES;
				CLANG_WARN_BOOL_CONVERSION = YES;
				CLANG_WARN_COMMA = YES;
				CLANG_WARN_CONSTANT_CONVERSION = YES;
				CLANG_WARN_DEPRECATED_OBJC_IMPLEMENTATIONS = YES;
				CLANG_WARN_DIRECT_OBJC_ISA_USAGE = YES_ERROR;
				CLANG_WARN_DOCUMENTATION_COMMENTS = YES;
				CLANG_WARN_EMPTY_BODY = YES;
				CLANG_WARN_ENUM_CONVERSION = YES;
				CLANG_WARN_INFINITE_RECURSION = YES;
				CLANG_WARN_INT_CONVERSION = YES;
				CLANG_WARN_NON_LITERAL_NULL_CONVERSION = YES;
				CLANG_WARN_OBJC_IMPLICIT_RETAIN_SELF = YES;
				CLANG_WARN_OBJC_LITERAL_CONVERSION = YES;
				CLANG_WARN_OBJC_ROOT_CLASS = YES_ERROR;
				CLANG_WARN_QUOTED_INCLUDE_IN_FRAMEWORK_HEADER = YES;
				CLANG_WARN_RANGE_LOOP_ANALYSIS = YES;
				CLANG_WARN_STRICT_PROTOTYPES = YES;
				CLANG_WARN_SUSPICIOUS_MOVE = YES;
				CLANG_WARN_UNGUARDED_AVAILABILITY = YES_AGGRESSIVE;
				CLANG_WARN_UNREACHABLE_CODE = YES;
				CLANG_WARN__DUPLICATE_METHOD_MATCH = YES;
				COPY_PHASE_STRIP = NO;
				DEBUG_INFORMATION_FORMAT = dwarf;
				ENABLE_STRICT_OBJC_MSGSEND = YES;
				ENABLE_TESTABILITY = YES;
				ENABLE_USER_SCRIPT_SANDBOXING = YES;
				GCC_C_LANGUAGE_STANDARD = gnu17;
				GCC_DYNAMIC_NO_PIC = NO;
				GCC_NO_COMMON_BLOCKS = YES;
				GCC_OPTIMIZATION_LEVEL = 0;
				GCC_PREPROCESSOR_DEFINITIONS = (
					"DEBUG=1",
					"$(inherited)",
				);
				GCC_WARN_64_TO_32_BIT_CONVERSION = YES;
				GCC_WARN_ABOUT_RETURN_TYPE = YES_ERROR;
				GCC_WARN_UNDECLARED_SELECTOR = YES;
				GCC_WARN_UNINITIALIZED_AUTOS = YES_AGGRESSIVE;
				GCC_WARN_UNUSED_FUNCTION = YES;
				GCC_WARN_UNUSED_VARIABLE = YES;
				LOCALIZATION_PREFERS_STRING_CATALOGS = YES;
				MTL_ENABLE_DEBUG_INFO = INCLUDE_SOURCE;
				MTL_FAST_MATH = YES;
				ONLY_ACTIVE_ARCH = YES;
				SWIFT_ACTIVE_COMPILATION_CONDITIONS = "DEBUG $(inherited)";
				SWIFT_OPTIMIZATION_LEVEL = "-Onone";
			};
			name = Debug;
		};
		DDBD7FDE2D70D44A006C0F43 /* Release */ = {
			isa = XCBuildConfiguration;
			buildSettings = {
				ALWAYS_SEARCH_USER_PATHS = NO;
				ASSETCATALOG_COMPILER_GENERATE_SWIFT_ASSET_SYMBOL_EXTENSIONS = YES;
				CLANG_ANALYZER_NONNULL = YES;
				CLANG_ANALYZER_NUMBER_OBJECT_CONVERSION = YES_AGGRESSIVE;
				CLANG_CXX_LANGUAGE_STANDARD = "gnu++20";
				CLANG_ENABLE_MODULES = YES;
				CLANG_ENABLE_OBJC_ARC = YES;
				CLANG_ENABLE_OBJC_WEAK = YES;
				CLANG_WARN_BLOCK_CAPTURE_AUTORELEASING = YES;
				CLANG_WARN_BOOL_CONVERSION = YES;
				CLANG_WARN_COMMA = YES;
				CLANG_WARN_CONSTANT_CONVERSION = YES;
				CLANG_WARN_DEPRECATED_OBJC_IMPLEMENTATIONS = YES;
				CLANG_WARN_DIRECT_OBJC_ISA_USAGE = YES_ERROR;
				CLANG_WARN_DOCUMENTATION_COMMENTS = YES;
				CLANG_WARN_EMPTY_BODY = YES;
				CLANG_WARN_ENUM_CONVERSION = YES;
				CLANG_WARN_INFINITE_RECURSION = YES;
				CLANG_WARN_INT_CONVERSION = YES;
				CLANG_WARN_NON_LITERAL_NULL_CONVERSION = YES;
				CLANG_WARN_OBJC_IMPLICIT_RETAIN_SELF = YES;
				CLANG_WARN_OBJC_LITERAL_CONVERSION = YES;
				CLANG_WARN_OBJC_ROOT_CLASS = YES_ERROR;
				CLANG_WARN_QUOTED_INCLUDE_IN_FRAMEWORK_HEADER = YES;
				CLANG_WARN_RANGE_LOOP_ANALYSIS = YES;
				CLANG_WARN_STRICT_PROTOTYPES = YES;
				CLANG_WARN_SUSPICIOUS_MOVE = YES;
				CLANG_WARN_UNGUARDED_AVAILABILITY = YES_AGGRESSIVE;
				CLANG_WARN_UNREACHABLE_CODE = YES;
				CLANG_WARN__DUPLICATE_METHOD_MATCH = YES;
				COPY_PHASE_STRIP = NO;
				DEBUG_INFORMATION_FORMAT = "dwarf-with-dsym";
				ENABLE_NS_ASSERTIONS = NO;
				ENABLE_STRICT_OBJC_MSGSEND = YES;
				ENABLE_USER_SCRIPT_SANDBOXING = YES;
				GCC_C_LANGUAGE_STANDARD = gnu17;
				GCC_NO_COMMON_BLOCKS = YES;
				GCC_WARN_64_TO_32_BIT_CONVERSION = YES;
				GCC_WARN_ABOUT_RETURN_TYPE = YES_ERROR;
				GCC_WARN_UNDECLARED_SELECTOR = YES;
				GCC_WARN_UNINITIALIZED_AUTOS = YES_AGGRESSIVE;
				GCC_WARN_UNUSED_FUNCTION = YES;
				GCC_WARN_UNUSED_VARIABLE = YES;
				LOCALIZATION_PREFERS_STRING_CATALOGS = YES;
				MTL_ENABLE_DEBUG_INFO = NO;
				MTL_FAST_MATH = YES;
				SWIFT_COMPILATION_MODE = wholemodule;
			};
			name = Release;
		};
		DDBD7FE02D70D44A006C0F43 /* Debug */ = {
			isa = XCBuildConfiguration;
			buildSettings = {
				ASSETCATALOG_COMPILER_APPICON_NAME = AppIcon;
				ASSETCATALOG_COMPILER_GLOBAL_ACCENT_COLOR_NAME = AccentColor;
				CODE_SIGN_ENTITLEMENTS = "Monarch Place Game/Monarch_Place_Game.entitlements";
				CODE_SIGN_STYLE = Automatic;
				CURRENT_PROJECT_VERSION = 1;
				DEVELOPMENT_ASSET_PATHS = "\"Monarch Place Game/Preview Content\"";
				DEVELOPMENT_TEAM = "";
				ENABLE_HARDENED_RUNTIME = YES;
				ENABLE_PREVIEWS = YES;
				GENERATE_INFOPLIST_FILE = YES;
				INFOPLIST_FILE = "Monarch-Place-Game-Info.plist";
				"INFOPLIST_KEY_UIApplicationSceneManifest_Generation[sdk=iphoneos*]" = YES;
				"INFOPLIST_KEY_UIApplicationSceneManifest_Generation[sdk=iphonesimulator*]" = YES;
				"INFOPLIST_KEY_UIApplicationSupportsIndirectInputEvents[sdk=iphoneos*]" = YES;
				"INFOPLIST_KEY_UIApplicationSupportsIndirectInputEvents[sdk=iphonesimulator*]" = YES;
				"INFOPLIST_KEY_UILaunchScreen_Generation[sdk=iphoneos*]" = YES;
				"INFOPLIST_KEY_UILaunchScreen_Generation[sdk=iphonesimulator*]" = YES;
				INFOPLIST_KEY_UIRequiresFullScreen = YES;
				"INFOPLIST_KEY_UIStatusBarStyle[sdk=iphoneos*]" = UIStatusBarStyleDefault;
				"INFOPLIST_KEY_UIStatusBarStyle[sdk=iphonesimulator*]" = UIStatusBarStyleDefault;
				INFOPLIST_KEY_UISupportedInterfaceOrientations = "UIInterfaceOrientationLandscapeLeft UIInterfaceOrientationLandscapeRight UIInterfaceOrientationPortrait";
				IPHONEOS_DEPLOYMENT_TARGET = 14.5;
				LD_RUNPATH_SEARCH_PATHS = "@executable_path/Frameworks";
				"LD_RUNPATH_SEARCH_PATHS[sdk=macosx*]" = "@executable_path/../Frameworks";
				MACOSX_DEPLOYMENT_TARGET = 14.5;
				MARKETING_VERSION = 1.0;
				PRODUCT_BUNDLE_IDENTIFIER = com.monrch.place;
				PRODUCT_NAME = "$(TARGET_NAME)";
				SDKROOT = auto;
				SUPPORTED_PLATFORMS = "iphoneos iphonesimulator";
				SUPPORTS_MACCATALYST = NO;
				SWIFT_EMIT_LOC_STRINGS = YES;
				SWIFT_VERSION = 5.0;
				TARGETED_DEVICE_FAMILY = "1,2";
			};
			name = Debug;
		};
		DDBD7FE12D70D44A006C0F43 /* Release */ = {
			isa = XCBuildConfiguration;
			buildSettings = {
				ASSETCATALOG_COMPILER_APPICON_NAME = AppIcon;
				ASSETCATALOG_COMPILER_GLOBAL_ACCENT_COLOR_NAME = AccentColor;
				CODE_SIGN_ENTITLEMENTS = "Monarch Place Game/Monarch_Place_Game.entitlements";
				CODE_SIGN_STYLE = Automatic;
				CURRENT_PROJECT_VERSION = 1;
				DEVELOPMENT_ASSET_PATHS = "\"Monarch Place Game/Preview Content\"";
				DEVELOPMENT_TEAM = "";
				ENABLE_HARDENED_RUNTIME = YES;
				ENABLE_PREVIEWS = YES;
				GENERATE_INFOPLIST_FILE = YES;
				INFOPLIST_FILE = "Monarch-Place-Game-Info.plist";
				"INFOPLIST_KEY_UIApplicationSceneManifest_Generation[sdk=iphoneos*]" = YES;
				"INFOPLIST_KEY_UIApplicationSceneManifest_Generation[sdk=iphonesimulator*]" = YES;
				"INFOPLIST_KEY_UIApplicationSupportsIndirectInputEvents[sdk=iphoneos*]" = YES;
				"INFOPLIST_KEY_UIApplicationSupportsIndirectInputEvents[sdk=iphonesimulator*]" = YES;
				"INFOPLIST_KEY_UILaunchScreen_Generation[sdk=iphoneos*]" = YES;
				"INFOPLIST_KEY_UILaunchScreen_Generation[sdk=iphonesimulator*]" = YES;
				INFOPLIST_KEY_UIRequiresFullScreen = YES;
				"INFOPLIST_KEY_UIStatusBarStyle[sdk=iphoneos*]" = UIStatusBarStyleDefault;
				"INFOPLIST_KEY_UIStatusBarStyle[sdk=iphonesimulator*]" = UIStatusBarStyleDefault;
				INFOPLIST_KEY_UISupportedInterfaceOrientations = "UIInterfaceOrientationLandscapeLeft UIInterfaceOrientationLandscapeRight UIInterfaceOrientationPortrait";
				IPHONEOS_DEPLOYMENT_TARGET = 14.5;
				LD_RUNPATH_SEARCH_PATHS = "@executable_path/Frameworks";
				"LD_RUNPATH_SEARCH_PATHS[sdk=macosx*]" = "@executable_path/../Frameworks";
				MACOSX_DEPLOYMENT_TARGET = 14.5;
				MARKETING_VERSION = 1.0;
				PRODUCT_BUNDLE_IDENTIFIER = com.monrch.place;
				PRODUCT_NAME = "$(TARGET_NAME)";
				SDKROOT = auto;
				SUPPORTED_PLATFORMS = "iphoneos iphonesimulator";
				SUPPORTS_MACCATALYST = NO;
				SWIFT_EMIT_LOC_STRINGS = YES;
				SWIFT_VERSION = 5.0;
				TARGETED_DEVICE_FAMILY = "1,2";
			};
			name = Release;
		};
/* End XCBuildConfiguration section */

/* Begin XCConfigurationList section */
		DDBD7FCB2D70D449006C0F43 /* Build configuration list for PBXProject "Monarch Place Game" */ = {
			isa = XCConfigurationList;
			buildConfigurations = (
				DDBD7FDD2D70D44A006C0F43 /* Debug */,
				DDBD7FDE2D70D44A006C0F43 /* Release */,
			);
			defaultConfigurationIsVisible = 0;
			defaultConfigurationName = Release;
		};
		DDBD7FDF2D70D44A006C0F43 /* Build configuration list for PBXNativeTarget "Monarch Place Game" */ = {
			isa = XCConfigurationList;
			buildConfigurations = (
				DDBD7FE02D70D44A006C0F43 /* Debug */,
				DDBD7FE12D70D44A006C0F43 /* Release */,
			);
			defaultConfigurationIsVisible = 0;
			defaultConfigurationName = Release;
		};
/* End XCConfigurationList section */
	};
	rootObject = DDBD7FC82D70D449006C0F43 /* Project object */;
}
